PODS:
  - JKLocationMananger (0.1.2)

DEPENDENCIES:
  - JKLocationMananger (from `../`)

EXTERNAL SOURCES:
  JKLocationMananger:
    :path: "../"

SPEC CHECKSUMS:
  JKLocationMananger: e6dd28c0129b8614f338a910ccb0f2b78fb96b96

PODFILE CHECKSUM: a0f0a407a65f014b6969c9492c564ff7f2950d63

COCOAPODS: 1.5.3
